
Microsoft Visual Studio Solution File, Format Version 12.00
# Visual Studio Version 17
VisualStudioVersion = 17.0.32014.148
MinimumVisualStudioVersion = 10.0.40219.1
Project("{FAE04EC0-301F-11D3-BF4B-00C04F79EFBC}") = "Array$$", "Array$$\Array$$.csproj", "{CFBE1472-914F-4818-9C33-75FAB8B85313}"
EndProject
Global
	GlobalSection(SolutionConfigurationPlatforms) = preSolution
		Debug|Any CPU = Debug|Any CPU
		Release|Any CPU = Release|Any CPU
	EndGlobalSection
	GlobalSection(ProjectConfigurationPlatforms) = postSolution
		{CFBE1472-914F-4818-9C33-75FAB8B85313}.Debug|Any CPU.ActiveCfg = Debug|Any CPU
		{CFBE1472-914F-4818-9C33-75FAB8B85313}.Debug|Any CPU.Build.0 = Debug|Any CPU
		{CFBE1472-914F-4818-9C33-75FAB8B85313}.Release|Any CPU.ActiveCfg = Release|Any CPU
		{CFBE1472-914F-4818-9C33-75FAB8B85313}.Release|Any CPU.Build.0 = Release|Any CPU
	EndGlobalSection
	GlobalSection(SolutionProperties) = preSolution
		HideSolutionNode = FALSE
	EndGlobalSection
	GlobalSection(ExtensibilityGlobals) = postSolution
		SolutionGuid = {933FE497-1D7F-4FF3-A774-42ADBEE5E68F}
	EndGlobalSection
EndGlobal
